
Microsoft Visual Studio Solution File, Format Version 12.00
# Visual Studio Version 16
VisualStudioVersion = 16.0.29025.244
MinimumVisualStudioVersion = 10.0.40219.1
Project("{FAE04EC0-301F-11D3-BF4B-00C04F79EFBC}") = "WindowsFormsApp1", "WindowsFormsApp1\WindowsFormsApp1.csproj", "{E0C43185-74E1-4D91-9543-803606AF0B4D}"
EndProject
Global
	GlobalSection(SolutionConfigurationPlatforms) = preSolution
		Debug|Any CPU = Debug|Any CPU
		Release|Any CPU = Release|Any CPU
	EndGlobalSection
	GlobalSection(ProjectConfigurationPlatforms) = postSolution
		{E0C43185-74E1-4D91-9543-803606AF0B4D}.Debug|Any CPU.ActiveCfg = Debug|Any CPU
		{E0C43185-74E1-4D91-9543-803606AF0B4D}.Debug|Any CPU.Build.0 = Debug|Any CPU
		{E0C43185-74E1-4D91-9543-803606AF0B4D}.Release|Any CPU.ActiveCfg = Release|Any CPU
		{E0C43185-74E1-4D91-9543-803606AF0B4D}.Release|Any CPU.Build.0 = Release|Any CPU
	EndGlobalSection
	GlobalSection(SolutionProperties) = preSolution
		HideSolutionNode = FALSE
	EndGlobalSection
	GlobalSection(ExtensibilityGlobals) = postSolution
		SolutionGuid = {0281667E-F3AB-481A-B396-8FE92CF4853A}
	EndGlobalSection
EndGlobal
